# @generated by Move, please check-in and do not edit manually.

[move]
version = 3
manifest_digest = "0C05790BB705A872943BA63BC4C5C61DF04E03B459429C47287D6E47170B0C40"
deps_digest = "F8BBB0CCB2491CA29A3DF03D6F92277A4F3574266507ACD77214D37ECA3F3082"
dependencies = [
  { id = "Sui", name = "Sui" },
]

[[move.package]]
id = "MoveStdlib"
source = { git = "https://github.com/MystenLabs/sui.git", rev = "framework/testnet", subdir = "crates/sui-framework/packages/move-stdlib" }

[[move.package]]
id = "Sui"
source = { git = "https://github.com/MystenLabs/sui.git", rev = "framework/testnet", subdir = "crates/sui-framework/packages/sui-framework" }

dependencies = [
  { id = "MoveStdlib", name = "MoveStdlib" },
]

[move.toolchain-version]
compiler-version = "1.56.1"
edition = "2024.beta"
flavor = "sui"

[env]

[env.testnet]
chain-id = "4c78adac"
original-published-id = "0x85088031b27decb743519dde4ac76b9a43ea9750c7d927d1ef05350303832c0a"
latest-published-id = "0x85088031b27decb743519dde4ac76b9a43ea9750c7d927d1ef05350303832c0a"
published-version = "1"

[env.devnet]
chain-id = "dac402e1"
original-published-id = "0x047fc7ead26bf7153209fb1a25bdac2a839385d4ec8c5d3e3447adfcb45832e5"
latest-published-id = "0x047fc7ead26bf7153209fb1a25bdac2a839385d4ec8c5d3e3447adfcb45832e5"
published-version = "1"

[env.local]
chain-id = "1b94e2db"
original-published-id = "0x01fa087b355286482242d897e009141677dd7e66683de36a836ea3410e877090"
latest-published-id = "0x01fa087b355286482242d897e009141677dd7e66683de36a836ea3410e877090"
published-version = "1"
